// !$*UTF8*$!
{
	archiveVersion = 1;
	classes = {
	};
	objectVersion = 55;
	objects = {

/* Begin PBXBuildFile section */
		40F2D6962870C0C200F57DAC /* AppDelegate.swift in Sources */ = {isa = PBXBuildFile; fileRef = 40F2D6952870C0C200F57DAC /* AppDelegate.swift */; };
		40F2D6982870C0C200F57DAC /* SceneDelegate.swift in Sources */ = {isa = PBXBuildFile; fileRef = 40F2D6972870C0C200F57DAC /* SceneDelegate.swift */; };
		40F2D69A2870C0C200F57DAC /* LoginViewController.swift in Sources */ = {isa = PBXBuildFile; fileRef = 40F2D6992870C0C200F57DAC /* LoginViewController.swift */; };
		40F2D69D2870C0C200F57DAC /* Main.storyboard in Resources */ = {isa = PBXBuildFile; fileRef = 40F2D69B2870C0C200F57DAC /* Main.storyboard */; };
		40F2D69F2870C0C400F57DAC /* Assets.xcassets in Resources */ = {isa = PBXBuildFile; fileRef = 40F2D69E2870C0C400F57DAC /* Assets.xcassets */; };
		40F2D6A22870C0C400F57DAC /* LaunchScreen.storyboard in Resources */ = {isa = PBXBuildFile; fileRef = 40F2D6A02870C0C400F57DAC /* LaunchScreen.storyboard */; };
		40F2D6AF2870CA7100F57DAC /* Poppins-Regular.ttf in Resources */ = {isa = PBXBuildFile; fileRef = 40F2D6AB2870CA7100F57DAC /* Poppins-Regular.ttf */; };
		40F2D6B02870CA7100F57DAC /* Poppins-Bold.ttf in Resources */ = {isa = PBXBuildFile; fileRef = 40F2D6AC2870CA7100F57DAC /* Poppins-Bold.ttf */; };
		40F2D6B12870CA7100F57DAC /* Poppins-SemiBold.ttf in Resources */ = {isa = PBXBuildFile; fileRef = 40F2D6AD2870CA7100F57DAC /* Poppins-SemiBold.ttf */; };
		40F2D6B22870CA7100F57DAC /* Poppins-Medium.ttf in Resources */ = {isa = PBXBuildFile; fileRef = 40F2D6AE2870CA7100F57DAC /* Poppins-Medium.ttf */; };
		40F2D6CB2870CE2100F57DAC /* LoginViewController.xib in Resources */ = {isa = PBXBuildFile; fileRef = 40F2D6CA2870CE2100F57DAC /* LoginViewController.xib */; };
		40F2D6CF2870D39400F57DAC /* HomeViewController.swift in Sources */ = {isa = PBXBuildFile; fileRef = 40F2D6CD2870D39400F57DAC /* HomeViewController.swift */; };
		40F2D6D32870D86200F57DAC /* GlobalHelpers.swift in Sources */ = {isa = PBXBuildFile; fileRef = 40F2D6D22870D86200F57DAC /* GlobalHelpers.swift */; };
		40F2D6D52870D8DA00F57DAC /* Extensions.swift in Sources */ = {isa = PBXBuildFile; fileRef = 40F2D6D42870D8DA00F57DAC /* Extensions.swift */; };
		40F2D6D82870DFE400F57DAC /* WebViewController.swift in Sources */ = {isa = PBXBuildFile; fileRef = 40F2D6D62870DFE400F57DAC /* WebViewController.swift */; };
		40F2D6D92870DFE400F57DAC /* WebViewController.xib in Resources */ = {isa = PBXBuildFile; fileRef = 40F2D6D72870DFE400F57DAC /* WebViewController.xib */; };
		40F2D6DC2870E15E00F57DAC /* UserViewController.swift in Sources */ = {isa = PBXBuildFile; fileRef = 40F2D6DA2870E15E00F57DAC /* UserViewController.swift */; };
		40F2D6DD2870E15E00F57DAC /* UserViewController.xib in Resources */ = {isa = PBXBuildFile; fileRef = 40F2D6DB2870E15E00F57DAC /* UserViewController.xib */; };
		40F2D6E12870E22300F57DAC /* UserCell.swift in Sources */ = {isa = PBXBuildFile; fileRef = 40F2D6DF2870E22300F57DAC /* UserCell.swift */; };
		40F2D6E22870E22300F57DAC /* UserCell.xib in Resources */ = {isa = PBXBuildFile; fileRef = 40F2D6E02870E22300F57DAC /* UserCell.xib */; };
		40F2D6E42870E40E00F57DAC /* User.swift in Sources */ = {isa = PBXBuildFile; fileRef = 40F2D6E32870E40E00F57DAC /* User.swift */; };
		40F2D6E62870E45F00F57DAC /* BaseResponse.swift in Sources */ = {isa = PBXBuildFile; fileRef = 40F2D6E52870E45F00F57DAC /* BaseResponse.swift */; };
		40F2D6E82870E4C200F57DAC /* HomeViewController.xib in Resources */ = {isa = PBXBuildFile; fileRef = 40F2D6CE2870D39400F57DAC /* HomeViewController.xib */; };
/* End PBXBuildFile section */

/* Begin PBXFileReference section */
		40F2D6922870C0C200F57DAC /* Employee Book.app */ = {isa = PBXFileReference; explicitFileType = wrapper.application; includeInIndex = 0; path = "Employee Book.app"; sourceTree = BUILT_PRODUCTS_DIR; };
		40F2D6952870C0C200F57DAC /* AppDelegate.swift */ = {isa = PBXFileReference; lastKnownFileType = sourcecode.swift; path = AppDelegate.swift; sourceTree = "<group>"; };
		40F2D6972870C0C200F57DAC /* SceneDelegate.swift */ = {isa = PBXFileReference; lastKnownFileType = sourcecode.swift; path = SceneDelegate.swift; sourceTree = "<group>"; };
		40F2D6992870C0C200F57DAC /* LoginViewController.swift */ = {isa = PBXFileReference; lastKnownFileType = sourcecode.swift; path = LoginViewController.swift; sourceTree = "<group>"; };
		40F2D69C2870C0C200F57DAC /* Base */ = {isa = PBXFileReference; lastKnownFileType = file.storyboard; name = Base; path = Base.lproj/Main.storyboard; sourceTree = "<group>"; };
		40F2D69E2870C0C400F57DAC /* Assets.xcassets */ = {isa = PBXFileReference; lastKnownFileType = folder.assetcatalog; path = Assets.xcassets; sourceTree = "<group>"; };
		40F2D6A12870C0C400F57DAC /* Base */ = {isa = PBXFileReference; lastKnownFileType = file.storyboard; name = Base; path = Base.lproj/LaunchScreen.storyboard; sourceTree = "<group>"; };
		40F2D6A32870C0C400F57DAC /* Info.plist */ = {isa = PBXFileReference; lastKnownFileType = text.plist.xml; path = Info.plist; sourceTree = "<group>"; };
		40F2D6AB2870CA7100F57DAC /* Poppins-Regular.ttf */ = {isa = PBXFileReference; lastKnownFileType = file; path = "Poppins-Regular.ttf"; sourceTree = "<group>"; };
		40F2D6AC2870CA7100F57DAC /* Poppins-Bold.ttf */ = {isa = PBXFileReference; lastKnownFileType = file; path = "Poppins-Bold.ttf"; sourceTree = "<group>"; };
		40F2D6AD2870CA7100F57DAC /* Poppins-SemiBold.ttf */ = {isa = PBXFileReference; lastKnownFileType = file; path = "Poppins-SemiBold.ttf"; sourceTree = "<group>"; };
		40F2D6AE2870CA7100F57DAC /* Poppins-Medium.ttf */ = {isa = PBXFileReference; lastKnownFileType = file; path = "Poppins-Medium.ttf"; sourceTree = "<group>"; };
		40F2D6CA2870CE2100F57DAC /* LoginViewController.xib */ = {isa = PBXFileReference; lastKnownFileType = file.xib; path = LoginViewController.xib; sourceTree = "<group>"; };
		40F2D6CD2870D39400F57DAC /* HomeViewController.swift */ = {isa = PBXFileReference; lastKnownFileType = sourcecode.swift; path = HomeViewController.swift; sourceTree = "<group>"; };
		40F2D6CE2870D39400F57DAC /* HomeViewController.xib */ = {isa = PBXFileReference; lastKnownFileType = file.xib; path = HomeViewController.xib; sourceTree = "<group>"; };
		40F2D6D22870D86200F57DAC /* GlobalHelpers.swift */ = {isa = PBXFileReference; lastKnownFileType = sourcecode.swift; path = GlobalHelpers.swift; sourceTree = "<group>"; };
		40F2D6D42870D8DA00F57DAC /* Extensions.swift */ = {isa = PBXFileReference; lastKnownFileType = sourcecode.swift; path = Extensions.swift; sourceTree = "<group>"; };
		40F2D6D62870DFE400F57DAC /* WebViewController.swift */ = {isa = PBXFileReference; lastKnownFileType = sourcecode.swift; path = WebViewController.swift; sourceTree = "<group>"; };
		40F2D6D72870DFE400F57DAC /* WebViewController.xib */ = {isa = PBXFileReference; lastKnownFileType = file.xib; path = WebViewController.xib; sourceTree = "<group>"; };
		40F2D6DA2870E15E00F57DAC /* UserViewController.swift */ = {isa = PBXFileReference; lastKnownFileType = sourcecode.swift; path = UserViewController.swift; sourceTree = "<group>"; };
		40F2D6DB2870E15E00F57DAC /* UserViewController.xib */ = {isa = PBXFileReference; lastKnownFileType = file.xib; path = UserViewController.xib; sourceTree = "<group>"; };
		40F2D6DF2870E22300F57DAC /* UserCell.swift */ = {isa = PBXFileReference; lastKnownFileType = sourcecode.swift; path = UserCell.swift; sourceTree = "<group>"; };
		40F2D6E02870E22300F57DAC /* UserCell.xib */ = {isa = PBXFileReference; lastKnownFileType = file.xib; path = UserCell.xib; sourceTree = "<group>"; };
		40F2D6E32870E40E00F57DAC /* User.swift */ = {isa = PBXFileReference; lastKnownFileType = sourcecode.swift; path = User.swift; sourceTree = "<group>"; };
		40F2D6E52870E45F00F57DAC /* BaseResponse.swift */ = {isa = PBXFileReference; lastKnownFileType = sourcecode.swift; path = BaseResponse.swift; sourceTree = "<group>"; };
/* End PBXFileReference section */

/* Begin PBXFrameworksBuildPhase section */
		40F2D68F2870C0C200F57DAC /* Frameworks */ = {
			isa = PBXFrameworksBuildPhase;
			buildActionMask = 2147483647;
			files = (
			);
			runOnlyForDeploymentPostprocessing = 0;
		};
/* End PBXFrameworksBuildPhase section */

/* Begin PBXGroup section */
		40F2D6892870C0C200F57DAC = {
			isa = PBXGroup;
			children = (
				40F2D6942870C0C200F57DAC /* Employee Book */,
				40F2D6932870C0C200F57DAC /* Products */,
			);
			sourceTree = "<group>";
		};
		40F2D6932870C0C200F57DAC /* Products */ = {
			isa = PBXGroup;
			children = (
				40F2D6922870C0C200F57DAC /* Employee Book.app */,
			);
			name = Products;
			sourceTree = "<group>";
		};
		40F2D6942870C0C200F57DAC /* Employee Book */ = {
			isa = PBXGroup;
			children = (
				40F2D6BA2870CBBB00F57DAC /* Utils */,
				40F2D6B92870CBAE00F57DAC /* Data */,
				40F2D6B82870CBA800F57DAC /* Domain */,
				40F2D6B72870CB8F00F57DAC /* Presentation */,
				40F2D6B62870CB8600F57DAC /* DI */,
				40F2D6B32870CA7A00F57DAC /* App */,
				40F2D6A92870CA3A00F57DAC /* Supporting Files */,
				40F2D6A32870C0C400F57DAC /* Info.plist */,
			);
			path = "Employee Book";
			sourceTree = "<group>";
		};
		40F2D6A92870CA3A00F57DAC /* Supporting Files */ = {
			isa = PBXGroup;
			children = (
				40F2D6AA2870CA4800F57DAC /* Fonts */,
				40F2D69E2870C0C400F57DAC /* Assets.xcassets */,
			);
			path = "Supporting Files";
			sourceTree = "<group>";
		};
		40F2D6AA2870CA4800F57DAC /* Fonts */ = {
			isa = PBXGroup;
			children = (
				40F2D6AC2870CA7100F57DAC /* Poppins-Bold.ttf */,
				40F2D6AD2870CA7100F57DAC /* Poppins-SemiBold.ttf */,
				40F2D6AE2870CA7100F57DAC /* Poppins-Medium.ttf */,
				40F2D6AB2870CA7100F57DAC /* Poppins-Regular.ttf */,
			);
			path = Fonts;
			sourceTree = "<group>";
		};
		40F2D6B32870CA7A00F57DAC /* App */ = {
			isa = PBXGroup;
			children = (
				40F2D6952870C0C200F57DAC /* AppDelegate.swift */,
				40F2D6972870C0C200F57DAC /* SceneDelegate.swift */,
			);
			path = App;
			sourceTree = "<group>";
		};
		40F2D6B42870CAAC00F57DAC /* View */ = {
			isa = PBXGroup;
			children = (
				40F2D6CC2870CF7700F57DAC /* Main */,
				40F2D6C52870CCC500F57DAC /* Components */,
				40F2D6C42870CCA500F57DAC /* Login */,
				40F2D6C62870CCD200F57DAC /* Home */,
				40F2D6C72870CCD800F57DAC /* User */,
				40F2D6C92870CCE700F57DAC /* Web */,
				40F2D6C82870CCE000F57DAC /* Map */,
				40F2D6B52870CAB500F57DAC /* LaunchScreen */,
			);
			path = View;
			sourceTree = "<group>";
		};
		40F2D6B52870CAB500F57DAC /* LaunchScreen */ = {
			isa = PBXGroup;
			children = (
				40F2D6A02870C0C400F57DAC /* LaunchScreen.storyboard */,
			);
			path = LaunchScreen;
			sourceTree = "<group>";
		};
		40F2D6B62870CB8600F57DAC /* DI */ = {
			isa = PBXGroup;
			children = (
			);
			path = DI;
			sourceTree = "<group>";
		};
		40F2D6B72870CB8F00F57DAC /* Presentation */ = {
			isa = PBXGroup;
			children = (
				40F2D6B42870CAAC00F57DAC /* View */,
				40F2D6C22870CC7C00F57DAC /* ViewModel */,
			);
			path = Presentation;
			sourceTree = "<group>";
		};
		40F2D6B82870CBA800F57DAC /* Domain */ = {
			isa = PBXGroup;
			children = (
				40F2D6C12870CC7500F57DAC /* Model */,
				40F2D6C02870CC5A00F57DAC /* Repository */,
				40F2D6BF2870CC1800F57DAC /* UseCase */,
			);
			path = Domain;
			sourceTree = "<group>";
		};
		40F2D6B92870CBAE00F57DAC /* Data */ = {
			isa = PBXGroup;
			children = (
				40F2D6BC2870CBF400F57DAC /* Repository */,
				40F2D6BB2870CBE800F57DAC /* DataSource */,
			);
			path = Data;
			sourceTree = "<group>";
		};
		40F2D6BA2870CBBB00F57DAC /* Utils */ = {
			isa = PBXGroup;
			children = (
				40F2D6D22870D86200F57DAC /* GlobalHelpers.swift */,
				40F2D6D42870D8DA00F57DAC /* Extensions.swift */,
			);
			path = Utils;
			sourceTree = "<group>";
		};
		40F2D6BB2870CBE800F57DAC /* DataSource */ = {
			isa = PBXGroup;
			children = (
				40F2D6BD2870CBFE00F57DAC /* RemoteDataSource */,
				40F2D6BE2870CC0700F57DAC /* LocalDataSource */,
			);
			path = DataSource;
			sourceTree = "<group>";
		};
		40F2D6BC2870CBF400F57DAC /* Repository */ = {
			isa = PBXGroup;
			children = (
			);
			path = Repository;
			sourceTree = "<group>";
		};
		40F2D6BD2870CBFE00F57DAC /* RemoteDataSource */ = {
			isa = PBXGroup;
			children = (
			);
			path = RemoteDataSource;
			sourceTree = "<group>";
		};
		40F2D6BE2870CC0700F57DAC /* LocalDataSource */ = {
			isa = PBXGroup;
			children = (
			);
			path = LocalDataSource;
			sourceTree = "<group>";
		};
		40F2D6BF2870CC1800F57DAC /* UseCase */ = {
			isa = PBXGroup;
			children = (
			);
			path = UseCase;
			sourceTree = "<group>";
		};
		40F2D6C02870CC5A00F57DAC /* Repository */ = {
			isa = PBXGroup;
			children = (
			);
			path = Repository;
			sourceTree = "<group>";
		};
		40F2D6C12870CC7500F57DAC /* Model */ = {
			isa = PBXGroup;
			children = (
				40F2D6E32870E40E00F57DAC /* User.swift */,
				40F2D6E52870E45F00F57DAC /* BaseResponse.swift */,
			);
			path = Model;
			sourceTree = "<group>";
		};
		40F2D6C22870CC7C00F57DAC /* ViewModel */ = {
			isa = PBXGroup;
			children = (
			);
			path = ViewModel;
			sourceTree = "<group>";
		};
		40F2D6C42870CCA500F57DAC /* Login */ = {
			isa = PBXGroup;
			children = (
				40F2D6992870C0C200F57DAC /* LoginViewController.swift */,
				40F2D6CA2870CE2100F57DAC /* LoginViewController.xib */,
			);
			path = Login;
			sourceTree = "<group>";
		};
		40F2D6C52870CCC500F57DAC /* Components */ = {
			isa = PBXGroup;
			children = (
				40F2D6DE2870E20000F57DAC /* UserCell */,
			);
			path = Components;
			sourceTree = "<group>";
		};
		40F2D6C62870CCD200F57DAC /* Home */ = {
			isa = PBXGroup;
			children = (
				40F2D6CD2870D39400F57DAC /* HomeViewController.swift */,
				40F2D6CE2870D39400F57DAC /* HomeViewController.xib */,
			);
			path = Home;
			sourceTree = "<group>";
		};
		40F2D6C72870CCD800F57DAC /* User */ = {
			isa = PBXGroup;
			children = (
				40F2D6DA2870E15E00F57DAC /* UserViewController.swift */,
				40F2D6DB2870E15E00F57DAC /* UserViewController.xib */,
			);
			path = User;
			sourceTree = "<group>";
		};
		40F2D6C82870CCE000F57DAC /* Map */ = {
			isa = PBXGroup;
			children = (
			);
			path = Map;
			sourceTree = "<group>";
		};
		40F2D6C92870CCE700F57DAC /* Web */ = {
			isa = PBXGroup;
			children = (
				40F2D6D62870DFE400F57DAC /* WebViewController.swift */,
				40F2D6D72870DFE400F57DAC /* WebViewController.xib */,
			);
			path = Web;
			sourceTree = "<group>";
		};
		40F2D6CC2870CF7700F57DAC /* Main */ = {
			isa = PBXGroup;
			children = (
				40F2D69B2870C0C200F57DAC /* Main.storyboard */,
			);
			path = Main;
			sourceTree = "<group>";
		};
		40F2D6DE2870E20000F57DAC /* UserCell */ = {
			isa = PBXGroup;
			children = (
				40F2D6DF2870E22300F57DAC /* UserCell.swift */,
				40F2D6E02870E22300F57DAC /* UserCell.xib */,
			);
			path = UserCell;
			sourceTree = "<group>";
		};
/* End PBXGroup section */

/* Begin PBXNativeTarget section */
		40F2D6912870C0C200F57DAC /* Employee Book */ = {
			isa = PBXNativeTarget;
			buildConfigurationList = 40F2D6A62870C0C400F57DAC /* Build configuration list for PBXNativeTarget "Employee Book" */;
			buildPhases = (
				40F2D68E2870C0C200F57DAC /* Sources */,
				40F2D68F2870C0C200F57DAC /* Frameworks */,
				40F2D6902870C0C200F57DAC /* Resources */,
			);
			buildRules = (
			);
			dependencies = (
			);
			name = "Employee Book";
			productName = "Employee Book";
			productReference = 40F2D6922870C0C200F57DAC /* Employee Book.app */;
			productType = "com.apple.product-type.application";
		};
/* End PBXNativeTarget section */

/* Begin PBXProject section */
		40F2D68A2870C0C200F57DAC /* Project object */ = {
			isa = PBXProject;
			attributes = {
				BuildIndependentTargetsInParallel = 1;
				LastSwiftUpdateCheck = 1340;
				LastUpgradeCheck = 1340;
				TargetAttributes = {
					40F2D6912870C0C200F57DAC = {
						CreatedOnToolsVersion = 13.4.1;
					};
				};
			};
			buildConfigurationList = 40F2D68D2870C0C200F57DAC /* Build configuration list for PBXProject "Employee Book" */;
			compatibilityVersion = "Xcode 13.0";
			developmentRegion = en;
			hasScannedForEncodings = 0;
			knownRegions = (
				en,
				Base,
			);
			mainGroup = 40F2D6892870C0C200F57DAC;
			productRefGroup = 40F2D6932870C0C200F57DAC /* Products */;
			projectDirPath = "";
			projectRoot = "";
			targets = (
				40F2D6912870C0C200F57DAC /* Employee Book */,
			);
		};
/* End PBXProject section */

/* Begin PBXResourcesBuildPhase section */
		40F2D6902870C0C200F57DAC /* Resources */ = {
			isa = PBXResourcesBuildPhase;
			buildActionMask = 2147483647;
			files = (
				40F2D6DD2870E15E00F57DAC /* UserViewController.xib in Resources */,
				40F2D6CB2870CE2100F57DAC /* LoginViewController.xib in Resources */,
				40F2D6A22870C0C400F57DAC /* LaunchScreen.storyboard in Resources */,
				40F2D6B22870CA7100F57DAC /* Poppins-Medium.ttf in Resources */,
				40F2D6D92870DFE400F57DAC /* WebViewController.xib in Resources */,
				40F2D69F2870C0C400F57DAC /* Assets.xcassets in Resources */,
				40F2D6B02870CA7100F57DAC /* Poppins-Bold.ttf in Resources */,
				40F2D6B12870CA7100F57DAC /* Poppins-SemiBold.ttf in Resources */,
				40F2D6E22870E22300F57DAC /* UserCell.xib in Resources */,
				40F2D69D2870C0C200F57DAC /* Main.storyboard in Resources */,
				40F2D6AF2870CA7100F57DAC /* Poppins-Regular.ttf in Resources */,
				40F2D6E82870E4C200F57DAC /* HomeViewController.xib in Resources */,
			);
			runOnlyForDeploymentPostprocessing = 0;
		};
/* End PBXResourcesBuildPhase section */

/* Begin PBXSourcesBuildPhase section */
		40F2D68E2870C0C200F57DAC /* Sources */ = {
			isa = PBXSourcesBuildPhase;
			buildActionMask = 2147483647;
			files = (
				40F2D69A2870C0C200F57DAC /* LoginViewController.swift in Sources */,
				40F2D6DC2870E15E00F57DAC /* UserViewController.swift in Sources */,
				40F2D6D52870D8DA00F57DAC /* Extensions.swift in Sources */,
				40F2D6962870C0C200F57DAC /* AppDelegate.swift in Sources */,
				40F2D6982870C0C200F57DAC /* SceneDelegate.swift in Sources */,
				40F2D6E12870E22300F57DAC /* UserCell.swift in Sources */,
				40F2D6D82870DFE400F57DAC /* WebViewController.swift in Sources */,
				40F2D6D32870D86200F57DAC /* GlobalHelpers.swift in Sources */,
				40F2D6E42870E40E00F57DAC /* User.swift in Sources */,
				40F2D6E62870E45F00F57DAC /* BaseResponse.swift in Sources */,
				40F2D6CF2870D39400F57DAC /* HomeViewController.swift in Sources */,
			);
			runOnlyForDeploymentPostprocessing = 0;
		};
/* End PBXSourcesBuildPhase section */

/* Begin PBXVariantGroup section */
		40F2D69B2870C0C200F57DAC /* Main.storyboard */ = {
			isa = PBXVariantGroup;
			children = (
				40F2D69C2870C0C200F57DAC /* Base */,
			);
			name = Main.storyboard;
			sourceTree = "<group>";
		};
		40F2D6A02870C0C400F57DAC /* LaunchScreen.storyboard */ = {
			isa = PBXVariantGroup;
			children = (
				40F2D6A12870C0C400F57DAC /* Base */,
			);
			name = LaunchScreen.storyboard;
			sourceTree = "<group>";
		};
/* End PBXVariantGroup section */

/* Begin XCBuildConfiguration section */
		40F2D6A42870C0C400F57DAC /* Debug */ = {
			isa = XCBuildConfiguration;
			buildSettings = {
				ALWAYS_SEARCH_USER_PATHS = NO;
				CLANG_ANALYZER_NONNULL = YES;
				CLANG_ANALYZER_NUMBER_OBJECT_CONVERSION = YES_AGGRESSIVE;
				CLANG_CXX_LANGUAGE_STANDARD = "gnu++17";
				CLANG_ENABLE_MODULES = YES;
				CLANG_ENABLE_OBJC_ARC = YES;
				CLANG_ENABLE_OBJC_WEAK = YES;
				CLANG_WARN_BLOCK_CAPTURE_AUTORELEASING = YES;
				CLANG_WARN_BOOL_CONVERSION = YES;
				CLANG_WARN_COMMA = YES;
				CLANG_WARN_CONSTANT_CONVERSION = YES;
				CLANG_WARN_DEPRECATED_OBJC_IMPLEMENTATIONS = YES;
				CLANG_WARN_DIRECT_OBJC_ISA_USAGE = YES_ERROR;
				CLANG_WARN_DOCUMENTATION_COMMENTS = YES;
				CLANG_WARN_EMPTY_BODY = YES;
				CLANG_WARN_ENUM_CONVERSION = YES;
				CLANG_WARN_INFINITE_RECURSION = YES;
				CLANG_WARN_INT_CONVERSION = YES;
				CLANG_WARN_NON_LITERAL_NULL_CONVERSION = YES;
				CLANG_WARN_OBJC_IMPLICIT_RETAIN_SELF = YES;
				CLANG_WARN_OBJC_LITERAL_CONVERSION = YES;
				CLANG_WARN_OBJC_ROOT_CLASS = YES_ERROR;
				CLANG_WARN_QUOTED_INCLUDE_IN_FRAMEWORK_HEADER = YES;
				CLANG_WARN_RANGE_LOOP_ANALYSIS = YES;
				CLANG_WARN_STRICT_PROTOTYPES = YES;
				CLANG_WARN_SUSPICIOUS_MOVE = YES;
				CLANG_WARN_UNGUARDED_AVAILABILITY = YES_AGGRESSIVE;
				CLANG_WARN_UNREACHABLE_CODE = YES;
				CLANG_WARN__DUPLICATE_METHOD_MATCH = YES;
				COPY_PHASE_STRIP = NO;
				DEBUG_INFORMATION_FORMAT = dwarf;
				ENABLE_STRICT_OBJC_MSGSEND = YES;
				ENABLE_TESTABILITY = YES;
				GCC_C_LANGUAGE_STANDARD = gnu11;
				GCC_DYNAMIC_NO_PIC = NO;
				GCC_NO_COMMON_BLOCKS = YES;
				GCC_OPTIMIZATION_LEVEL = 0;
				GCC_PREPROCESSOR_DEFINITIONS = (
					"DEBUG=1",
					"$(inherited)",
				);
				GCC_WARN_64_TO_32_BIT_CONVERSION = YES;
				GCC_WARN_ABOUT_RETURN_TYPE = YES_ERROR;
				GCC_WARN_UNDECLARED_SELECTOR = YES;
				GCC_WARN_UNINITIALIZED_AUTOS = YES_AGGRESSIVE;
				GCC_WARN_UNUSED_FUNCTION = YES;
				GCC_WARN_UNUSED_VARIABLE = YES;
				IPHONEOS_DEPLOYMENT_TARGET = 15.5;
				MTL_ENABLE_DEBUG_INFO = INCLUDE_SOURCE;
				MTL_FAST_MATH = YES;
				ONLY_ACTIVE_ARCH = YES;
				SDKROOT = iphoneos;
				SWIFT_ACTIVE_COMPILATION_CONDITIONS = DEBUG;
				SWIFT_OPTIMIZATION_LEVEL = "-Onone";
			};
			name = Debug;
		};
		40F2D6A52870C0C400F57DAC /* Release */ = {
			isa = XCBuildConfiguration;
			buildSettings = {
				ALWAYS_SEARCH_USER_PATHS = NO;
				CLANG_ANALYZER_NONNULL = YES;
				CLANG_ANALYZER_NUMBER_OBJECT_CONVERSION = YES_AGGRESSIVE;
				CLANG_CXX_LANGUAGE_STANDARD = "gnu++17";
				CLANG_ENABLE_MODULES = YES;
				CLANG_ENABLE_OBJC_ARC = YES;
				CLANG_ENABLE_OBJC_WEAK = YES;
				CLANG_WARN_BLOCK_CAPTURE_AUTORELEASING = YES;
				CLANG_WARN_BOOL_CONVERSION = YES;
				CLANG_WARN_COMMA = YES;
				CLANG_WARN_CONSTANT_CONVERSION = YES;
				CLANG_WARN_DEPRECATED_OBJC_IMPLEMENTATIONS = YES;
				CLANG_WARN_DIRECT_OBJC_ISA_USAGE = YES_ERROR;
				CLANG_WARN_DOCUMENTATION_COMMENTS = YES;
				CLANG_WARN_EMPTY_BODY = YES;
				CLANG_WARN_ENUM_CONVERSION = YES;
				CLANG_WARN_INFINITE_RECURSION = YES;
				CLANG_WARN_INT_CONVERSION = YES;
				CLANG_WARN_NON_LITERAL_NULL_CONVERSION = YES;
				CLANG_WARN_OBJC_IMPLICIT_RETAIN_SELF = YES;
				CLANG_WARN_OBJC_LITERAL_CONVERSION = YES;
				CLANG_WARN_OBJC_ROOT_CLASS = YES_ERROR;
				CLANG_WARN_QUOTED_INCLUDE_IN_FRAMEWORK_HEADER = YES;
				CLANG_WARN_RANGE_LOOP_ANALYSIS = YES;
				CLANG_WARN_STRICT_PROTOTYPES = YES;
				CLANG_WARN_SUSPICIOUS_MOVE = YES;
				CLANG_WARN_UNGUARDED_AVAILABILITY = YES_AGGRESSIVE;
				CLANG_WARN_UNREACHABLE_CODE = YES;
				CLANG_WARN__DUPLICATE_METHOD_MATCH = YES;
				COPY_PHASE_STRIP = NO;
				DEBUG_INFORMATION_FORMAT = "dwarf-with-dsym";
				ENABLE_NS_ASSERTIONS = NO;
				ENABLE_STRICT_OBJC_MSGSEND = YES;
				GCC_C_LANGUAGE_STANDARD = gnu11;
				GCC_NO_COMMON_BLOCKS = YES;
				GCC_WARN_64_TO_32_BIT_CONVERSION = YES;
				GCC_WARN_ABOUT_RETURN_TYPE = YES_ERROR;
				GCC_WARN_UNDECLARED_SELECTOR = YES;
				GCC_WARN_UNINITIALIZED_AUTOS = YES_AGGRESSIVE;
				GCC_WARN_UNUSED_FUNCTION = YES;
				GCC_WARN_UNUSED_VARIABLE = YES;
				IPHONEOS_DEPLOYMENT_TARGET = 15.5;
				MTL_ENABLE_DEBUG_INFO = NO;
				MTL_FAST_MATH = YES;
				SDKROOT = iphoneos;
				SWIFT_COMPILATION_MODE = wholemodule;
				SWIFT_OPTIMIZATION_LEVEL = "-O";
				VALIDATE_PRODUCT = YES;
			};
			name = Release;
		};
		40F2D6A72870C0C400F57DAC /* Debug */ = {
			isa = XCBuildConfiguration;
			buildSettings = {
				ASSETCATALOG_COMPILER_APPICON_NAME = AppIcon;
				ASSETCATALOG_COMPILER_GLOBAL_ACCENT_COLOR_NAME = AccentColor;
				CODE_SIGN_STYLE = Automatic;
				CURRENT_PROJECT_VERSION = 1;
				DEVELOPMENT_TEAM = D7589S3EHF;
				GENERATE_INFOPLIST_FILE = YES;
				INFOPLIST_FILE = "Employee Book/Info.plist";
				INFOPLIST_KEY_UIApplicationSupportsIndirectInputEvents = YES;
				INFOPLIST_KEY_UILaunchStoryboardName = LaunchScreen;
				INFOPLIST_KEY_UIMainStoryboardFile = Main;
				INFOPLIST_KEY_UISupportedInterfaceOrientations_iPad = "UIInterfaceOrientationPortrait UIInterfaceOrientationPortraitUpsideDown UIInterfaceOrientationLandscapeLeft UIInterfaceOrientationLandscapeRight";
				INFOPLIST_KEY_UISupportedInterfaceOrientations_iPhone = "UIInterfaceOrientationPortrait UIInterfaceOrientationLandscapeLeft UIInterfaceOrientationLandscapeRight";
				LD_RUNPATH_SEARCH_PATHS = (
					"$(inherited)",
					"@executable_path/Frameworks",
				);
				MARKETING_VERSION = 1.0;
				PRODUCT_BUNDLE_IDENTIFIER = "com.dimas.Employee-Book";
				PRODUCT_NAME = "$(TARGET_NAME)";
				SWIFT_EMIT_LOC_STRINGS = YES;
				SWIFT_VERSION = 5.0;
				TARGETED_DEVICE_FAMILY = "1,2";
			};
			name = Debug;
		};
		40F2D6A82870C0C400F57DAC /* Release */ = {
			isa = XCBuildConfiguration;
			buildSettings = {
				ASSETCATALOG_COMPILER_APPICON_NAME = AppIcon;
				ASSETCATALOG_COMPILER_GLOBAL_ACCENT_COLOR_NAME = AccentColor;
				CODE_SIGN_STYLE = Automatic;
				CURRENT_PROJECT_VERSION = 1;
				DEVELOPMENT_TEAM = D7589S3EHF;
				GENERATE_INFOPLIST_FILE = YES;
				INFOPLIST_FILE = "Employee Book/Info.plist";
				INFOPLIST_KEY_UIApplicationSupportsIndirectInputEvents = YES;
				INFOPLIST_KEY_UILaunchStoryboardName = LaunchScreen;
				INFOPLIST_KEY_UIMainStoryboardFile = Main;
				INFOPLIST_KEY_UISupportedInterfaceOrientations_iPad = "UIInterfaceOrientationPortrait UIInterfaceOrientationPortraitUpsideDown UIInterfaceOrientationLandscapeLeft UIInterfaceOrientationLandscapeRight";
				INFOPLIST_KEY_UISupportedInterfaceOrientations_iPhone = "UIInterfaceOrientationPortrait UIInterfaceOrientationLandscapeLeft UIInterfaceOrientationLandscapeRight";
				LD_RUNPATH_SEARCH_PATHS = (
					"$(inherited)",
					"@executable_path/Frameworks",
				);
				MARKETING_VERSION = 1.0;
				PRODUCT_BUNDLE_IDENTIFIER = "com.dimas.Employee-Book";
				PRODUCT_NAME = "$(TARGET_NAME)";
				SWIFT_EMIT_LOC_STRINGS = YES;
				SWIFT_VERSION = 5.0;
				TARGETED_DEVICE_FAMILY = "1,2";
			};
			name = Release;
		};
/* End XCBuildConfiguration section */

/* Begin XCConfigurationList section */
		40F2D68D2870C0C200F57DAC /* Build configuration list for PBXProject "Employee Book" */ = {
			isa = XCConfigurationList;
			buildConfigurations = (
				40F2D6A42870C0C400F57DAC /* Debug */,
				40F2D6A52870C0C400F57DAC /* Release */,
			);
			defaultConfigurationIsVisible = 0;
			defaultConfigurationName = Release;
		};
		40F2D6A62870C0C400F57DAC /* Build configuration list for PBXNativeTarget "Employee Book" */ = {
			isa = XCConfigurationList;
			buildConfigurations = (
				40F2D6A72870C0C400F57DAC /* Debug */,
				40F2D6A82870C0C400F57DAC /* Release */,
			);
			defaultConfigurationIsVisible = 0;
			defaultConfigurationName = Release;
		};
/* End XCConfigurationList section */
	};
	rootObject = 40F2D68A2870C0C200F57DAC /* Project object */;
}
